
Microsoft Visual Studio Solution File, Format Version 12.00
# Visual Studio Version 16
VisualStudioVersion = 16.0.30104.148
MinimumVisualStudioVersion = 10.0.40219.1
Project("{FAE04EC0-301F-11D3-BF4B-00C04F79EFBC}") = "ToptancıOtomasyonMvc", "ToptancıOtomasyonMvc\ToptancıOtomasyonMvc.csproj", "{721F72B4-5451-412D-831F-D5F316B36CFF}"
EndProject
Global
	GlobalSection(SolutionConfigurationPlatforms) = preSolution
		Debug|Any CPU = Debug|Any CPU
		Release|Any CPU = Release|Any CPU
	EndGlobalSection
	GlobalSection(ProjectConfigurationPlatforms) = postSolution
		{721F72B4-5451-412D-831F-D5F316B36CFF}.Debug|Any CPU.ActiveCfg = Debug|Any CPU
		{721F72B4-5451-412D-831F-D5F316B36CFF}.Debug|Any CPU.Build.0 = Debug|Any CPU
		{721F72B4-5451-412D-831F-D5F316B36CFF}.Release|Any CPU.ActiveCfg = Release|Any CPU
		{721F72B4-5451-412D-831F-D5F316B36CFF}.Release|Any CPU.Build.0 = Release|Any CPU
	EndGlobalSection
	GlobalSection(SolutionProperties) = preSolution
		HideSolutionNode = FALSE
	EndGlobalSection
	GlobalSection(ExtensibilityGlobals) = postSolution
		SolutionGuid = {5814D034-1BC8-4377-89C7-568D95A36320}
	EndGlobalSection
EndGlobal
